
Microsoft Visual Studio Solution File, Format Version 12.00
# Visual Studio 14
VisualStudioVersion = 14.0.24720.0
MinimumVisualStudioVersion = 10.0.40219.1
Project("{2150E333-8FDC-42A3-9474-1A3956D46DE8}") = "Application", "Application", "{DFB8179C-7722-4223-BD94-571DF25B59B0}"
EndProject
Project("{2150E333-8FDC-42A3-9474-1A3956D46DE8}") = "Presentation", "Presentation", "{B86D9818-69EC-410D-AF1B-958F5FEB0338}"
EndProject
Project("{2150E333-8FDC-42A3-9474-1A3956D46DE8}") = "Service(API)", "Service(API)", "{D9268F90-C91F-4EC8-B678-096F3F465893}"
EndProject
Project("{2150E333-8FDC-42A3-9474-1A3956D46DE8}") = "BizLayer", "BizLayer", "{24EAEC8E-5A58-4C50-9168-AAF0D0C1DD4E}"
EndProject
Project("{2150E333-8FDC-42A3-9474-1A3956D46DE8}") = "CommonLayer", "CommonLayer", "{2E68005C-A141-4632-ABEC-3621F551D249}"
EndProject
Project("{2150E333-8FDC-42A3-9474-1A3956D46DE8}") = "DataLayer", "DataLayer", "{F3E78E51-9C40-404B-B7AF-AF099EB86279}"
EndProject
Project("{FAE04EC0-301F-11D3-BF4B-00C04F79EFBC}") = "CycTest.Entities", "CycTest.Entities\CycTest.Entities.csproj", "{D91B9689-ABCF-49FD-8A3C-AACF21912E58}"
EndProject
Project("{FAE04EC0-301F-11D3-BF4B-00C04F79EFBC}") = "CycTest.Definitions", "CycTest.Definitions\CycTest.Definitions.csproj", "{C25D7732-0389-4482-A0F0-7A9F4D25F699}"
EndProject
Project("{FAE04EC0-301F-11D3-BF4B-00C04F79EFBC}") = "CysTest.Utilities", "CysTest.Utilities\CysTest.Utilities.csproj", "{43F83810-5B90-48BD-8404-62DB66FF6201}"
EndProject
Project("{FAE04EC0-301F-11D3-BF4B-00C04F79EFBC}") = "CycTest.Data", "CycTest.Data\CycTest.Data.csproj", "{ABD2AF84-20CB-43B1-A676-998F8B88B6A7}"
EndProject
Global
	GlobalSection(SolutionConfigurationPlatforms) = preSolution
		Debug|Any CPU = Debug|Any CPU
		Release|Any CPU = Release|Any CPU
	EndGlobalSection
	GlobalSection(ProjectConfigurationPlatforms) = postSolution
		{D91B9689-ABCF-49FD-8A3C-AACF21912E58}.Debug|Any CPU.ActiveCfg = Debug|Any CPU
		{D91B9689-ABCF-49FD-8A3C-AACF21912E58}.Debug|Any CPU.Build.0 = Debug|Any CPU
		{D91B9689-ABCF-49FD-8A3C-AACF21912E58}.Release|Any CPU.ActiveCfg = Release|Any CPU
		{D91B9689-ABCF-49FD-8A3C-AACF21912E58}.Release|Any CPU.Build.0 = Release|Any CPU
		{C25D7732-0389-4482-A0F0-7A9F4D25F699}.Debug|Any CPU.ActiveCfg = Debug|Any CPU
		{C25D7732-0389-4482-A0F0-7A9F4D25F699}.Debug|Any CPU.Build.0 = Debug|Any CPU
		{C25D7732-0389-4482-A0F0-7A9F4D25F699}.Release|Any CPU.ActiveCfg = Release|Any CPU
		{C25D7732-0389-4482-A0F0-7A9F4D25F699}.Release|Any CPU.Build.0 = Release|Any CPU
		{43F83810-5B90-48BD-8404-62DB66FF6201}.Debug|Any CPU.ActiveCfg = Debug|Any CPU
		{43F83810-5B90-48BD-8404-62DB66FF6201}.Debug|Any CPU.Build.0 = Debug|Any CPU
		{43F83810-5B90-48BD-8404-62DB66FF6201}.Release|Any CPU.ActiveCfg = Release|Any CPU
		{43F83810-5B90-48BD-8404-62DB66FF6201}.Release|Any CPU.Build.0 = Release|Any CPU
		{ABD2AF84-20CB-43B1-A676-998F8B88B6A7}.Debug|Any CPU.ActiveCfg = Debug|Any CPU
		{ABD2AF84-20CB-43B1-A676-998F8B88B6A7}.Debug|Any CPU.Build.0 = Debug|Any CPU
		{ABD2AF84-20CB-43B1-A676-998F8B88B6A7}.Release|Any CPU.ActiveCfg = Release|Any CPU
		{ABD2AF84-20CB-43B1-A676-998F8B88B6A7}.Release|Any CPU.Build.0 = Release|Any CPU
	EndGlobalSection
	GlobalSection(SolutionProperties) = preSolution
		HideSolutionNode = FALSE
	EndGlobalSection
	GlobalSection(NestedProjects) = preSolution
		{24EAEC8E-5A58-4C50-9168-AAF0D0C1DD4E} = {DFB8179C-7722-4223-BD94-571DF25B59B0}
		{2E68005C-A141-4632-ABEC-3621F551D249} = {DFB8179C-7722-4223-BD94-571DF25B59B0}
		{F3E78E51-9C40-404B-B7AF-AF099EB86279} = {DFB8179C-7722-4223-BD94-571DF25B59B0}
		{D91B9689-ABCF-49FD-8A3C-AACF21912E58} = {2E68005C-A141-4632-ABEC-3621F551D249}
		{C25D7732-0389-4482-A0F0-7A9F4D25F699} = {2E68005C-A141-4632-ABEC-3621F551D249}
		{43F83810-5B90-48BD-8404-62DB66FF6201} = {2E68005C-A141-4632-ABEC-3621F551D249}
		{ABD2AF84-20CB-43B1-A676-998F8B88B6A7} = {F3E78E51-9C40-404B-B7AF-AF099EB86279}
	EndGlobalSection
EndGlobal
